
Microsoft Visual Studio Solution File, Format Version 12.00
# Visual Studio 15
VisualStudioVersion = 15.0.26430.16
MinimumVisualStudioVersion = 10.0.40219.1
Project("{FAE04EC0-301F-11D3-BF4B-00C04F79EFBC}") = "Core", "Sources\Core\Core.csproj", "{EF270FFF-B39B-418F-8749-26A232BF5EB6}"
	ProjectSection(ProjectDependencies) = postProject
		{F16BB8EF-7CD4-4EB4-AF40-22A268AB2CCE} = {F16BB8EF-7CD4-4EB4-AF40-22A268AB2CCE}
	EndProjectSection
EndProject
Project("{FAE04EC0-301F-11D3-BF4B-00C04F79EFBC}") = "KeyboardSharing", "Sources\Operations\KeyboardSharing\KeyboardSharing.csproj", "{CE7230A4-4776-4A49-816E-C4400F9F902E}"
	ProjectSection(ProjectDependencies) = postProject
		{2FD03FDB-7237-4DDA-AC39-13EE8DE9013F} = {2FD03FDB-7237-4DDA-AC39-13EE8DE9013F}
		{BEB43DDC-41AC-42ED-AE47-CA396EB4EFC9} = {BEB43DDC-41AC-42ED-AE47-CA396EB4EFC9}
		{EF270FFF-B39B-418F-8749-26A232BF5EB6} = {EF270FFF-B39B-418F-8749-26A232BF5EB6}
	EndProjectSection
EndProject
Project("{FAE04EC0-301F-11D3-BF4B-00C04F79EFBC}") = "MouseSharing", "Sources\Operations\MouseSharing\MouseSharing.csproj", "{D42AA2FC-2731-4363-966B-0B7CF9D83171}"
	ProjectSection(ProjectDependencies) = postProject
		{51C79241-E1D0-4CDD-B3FD-BD93B7718846} = {51C79241-E1D0-4CDD-B3FD-BD93B7718846}
		{2FD03FDB-7237-4DDA-AC39-13EE8DE9013F} = {2FD03FDB-7237-4DDA-AC39-13EE8DE9013F}
		{EF270FFF-B39B-418F-8749-26A232BF5EB6} = {EF270FFF-B39B-418F-8749-26A232BF5EB6}
	EndProjectSection
EndProject
Project("{2150E333-8FDC-42A3-9474-1A3956D46DE8}") = "Operations", "Operations", "{B8110B9F-49F1-4F30-A060-46DFDB48BB71}"
EndProject
Project("{2150E333-8FDC-42A3-9474-1A3956D46DE8}") = "CommunicationInterfaces", "CommunicationInterfaces", "{3603C1F8-484E-4697-BEBB-627036CEE625}"
EndProject
Project("{2150E333-8FDC-42A3-9474-1A3956D46DE8}") = "OperandSelectors", "OperandSelectors", "{FF86B861-E3D3-4425-9ED5-6523560462AC}"
EndProject
Project("{2150E333-8FDC-42A3-9474-1A3956D46DE8}") = "Utilities", "Utilities", "{1E7052A7-E4A9-48CF-9D3F-C317263FB794}"
EndProject
Project("{FAE04EC0-301F-11D3-BF4B-00C04F79EFBC}") = "CodeDataSizeCounter", "Sources\Utilities\CodeDataSizeCounter\CodeDataSizeCounter.csproj", "{6144F3D1-3707-4F13-AEC6-967440F33C62}"
EndProject
Project("{FAE04EC0-301F-11D3-BF4B-00C04F79EFBC}") = "ComputerInfo", "Sources\CommunicationInterfaces\ComputerInfo\ComputerInfo.csproj", "{A68635AF-DE1F-43A8-8700-725D3F15CDE5}"
EndProject
Project("{FAE04EC0-301F-11D3-BF4B-00C04F79EFBC}") = "ComputerInfoDisplayer", "Sources\CommunicationInterfaces\ComputerInfoDisplayer\ComputerInfoDisplayer.csproj", "{43EEB113-5275-4732-9130-7AB5B608D8B3}"
	ProjectSection(ProjectDependencies) = postProject
		{A68635AF-DE1F-43A8-8700-725D3F15CDE5} = {A68635AF-DE1F-43A8-8700-725D3F15CDE5}
	EndProjectSection
EndProject
Project("{FAE04EC0-301F-11D3-BF4B-00C04F79EFBC}") = "ConsoleChat", "Sources\CommunicationInterfaces\ConsoleChat\ConsoleChat.csproj", "{FCC8A05D-F95A-468C-B009-634A3FE161CA}"
	ProjectSection(ProjectDependencies) = postProject
		{30A694E2-A73E-473E-AEE1-E6ABC7A437A5} = {30A694E2-A73E-473E-AEE1-E6ABC7A437A5}
	EndProjectSection
EndProject
Project("{FAE04EC0-301F-11D3-BF4B-00C04F79EFBC}") = "ParallelNetworkStream", "Sources\CommunicationInterfaces\ParallelNetworkStream\ParallelNetworkStream.csproj", "{30A694E2-A73E-473E-AEE1-E6ABC7A437A5}"
	ProjectSection(ProjectDependencies) = postProject
		{A68635AF-DE1F-43A8-8700-725D3F15CDE5} = {A68635AF-DE1F-43A8-8700-725D3F15CDE5}
		{F16BB8EF-7CD4-4EB4-AF40-22A268AB2CCE} = {F16BB8EF-7CD4-4EB4-AF40-22A268AB2CCE}
	EndProjectSection
EndProject
Project("{FAE04EC0-301F-11D3-BF4B-00C04F79EFBC}") = "NetworkOperatorCommunicator", "Sources\CommunicationInterfaces\NetworkOperatorCommunicator\NetworkOperatorCommunicator.csproj", "{B92A87D8-9617-411E-A956-450E6FB0DDAC}"
	ProjectSection(ProjectDependencies) = postProject
		{30A694E2-A73E-473E-AEE1-E6ABC7A437A5} = {30A694E2-A73E-473E-AEE1-E6ABC7A437A5}
		{EF270FFF-B39B-418F-8749-26A232BF5EB6} = {EF270FFF-B39B-418F-8749-26A232BF5EB6}
	EndProjectSection
EndProject
Project("{FAE04EC0-301F-11D3-BF4B-00C04F79EFBC}") = "ThreadSafeDataStructures", "Sources\ThreadSafeDataStructures\ThreadSafeDataStructures.csproj", "{F16BB8EF-7CD4-4EB4-AF40-22A268AB2CCE}"
EndProject
Project("{FAE04EC0-301F-11D3-BF4B-00C04F79EFBC}") = "Keyboard", "Sources\Operations\Keyboard\Keyboard.csproj", "{BEB43DDC-41AC-42ED-AE47-CA396EB4EFC9}"
	ProjectSection(ProjectDependencies) = postProject
		{60FDA604-C47C-4DE2-8CA0-767BC9B86A33} = {60FDA604-C47C-4DE2-8CA0-767BC9B86A33}
	EndProjectSection
EndProject
Project("{FAE04EC0-301F-11D3-BF4B-00C04F79EFBC}") = "Mouse", "Sources\Operations\Mouse\Mouse.csproj", "{51C79241-E1D0-4CDD-B3FD-BD93B7718846}"
	ProjectSection(ProjectDependencies) = postProject
		{60FDA604-C47C-4DE2-8CA0-767BC9B86A33} = {60FDA604-C47C-4DE2-8CA0-767BC9B86A33}
	EndProjectSection
EndProject
Project("{FAE04EC0-301F-11D3-BF4B-00C04F79EFBC}") = "NetworkOperatorGUI", "Sources\NetworkOperatorGUI\NetworkOperatorGUI.csproj", "{7F1B649E-035E-4066-BD79-BA81E2961D65}"
	ProjectSection(ProjectDependencies) = postProject
		{CE7230A4-4776-4A49-816E-C4400F9F902E} = {CE7230A4-4776-4A49-816E-C4400F9F902E}
		{B92A87D8-9617-411E-A956-450E6FB0DDAC} = {B92A87D8-9617-411E-A956-450E6FB0DDAC}
		{2FD03FDB-7237-4DDA-AC39-13EE8DE9013F} = {2FD03FDB-7237-4DDA-AC39-13EE8DE9013F}
		{D42AA2FC-2731-4363-966B-0B7CF9D83171} = {D42AA2FC-2731-4363-966B-0B7CF9D83171}
		{EF270FFF-B39B-418F-8749-26A232BF5EB6} = {EF270FFF-B39B-418F-8749-26A232BF5EB6}
	EndProjectSection
EndProject
Project("{FAE04EC0-301F-11D3-BF4B-00C04F79EFBC}") = "InputReader", "Sources\Operations\InputReader\InputReader.csproj", "{363A5043-CF37-49DA-8CCF-5143179498A5}"
	ProjectSection(ProjectDependencies) = postProject
		{51C79241-E1D0-4CDD-B3FD-BD93B7718846} = {51C79241-E1D0-4CDD-B3FD-BD93B7718846}
		{BEB43DDC-41AC-42ED-AE47-CA396EB4EFC9} = {BEB43DDC-41AC-42ED-AE47-CA396EB4EFC9}
	EndProjectSection
EndProject
Project("{FAE04EC0-301F-11D3-BF4B-00C04F79EFBC}") = "FunctionMarshaller", "Sources\Operations\FunctionMarshaller\FunctionMarshaller.csproj", "{60FDA604-C47C-4DE2-8CA0-767BC9B86A33}"
EndProject
Project("{FAE04EC0-301F-11D3-BF4B-00C04F79EFBC}") = "FunctionMarshallerTester", "Sources\Operations\FunctionMarshallerTester\FunctionMarshallerTester.csproj", "{40BDA97F-3973-437A-A03F-39B60B3B9C0E}"
	ProjectSection(ProjectDependencies) = postProject
		{60FDA604-C47C-4DE2-8CA0-767BC9B86A33} = {60FDA604-C47C-4DE2-8CA0-767BC9B86A33}
		{4C05E2F5-F924-432F-BE21-23017476061E} = {4C05E2F5-F924-432F-BE21-23017476061E}
	EndProjectSection
EndProject
Project("{8BC9CEB8-8B4A-11D0-8D11-00A0C91BC942}") = "FunctionMarshallerTesterLib", "Sources\Operations\FunctionMarshallerTesterLib\FunctionMarshallerTesterLib.vcxproj", "{4C05E2F5-F924-432F-BE21-23017476061E}"
EndProject
Project("{FAE04EC0-301F-11D3-BF4B-00C04F79EFBC}") = "ScreenEdgeSelector", "Sources\OperandSelectors\ScreenEdgeSelector\ScreenEdgeSelector.csproj", "{2FD03FDB-7237-4DDA-AC39-13EE8DE9013F}"
	ProjectSection(ProjectDependencies) = postProject
		{51C79241-E1D0-4CDD-B3FD-BD93B7718846} = {51C79241-E1D0-4CDD-B3FD-BD93B7718846}
	EndProjectSection
EndProject
Global
	GlobalSection(SolutionConfigurationPlatforms) = preSolution
		Debug|Any CPU = Debug|Any CPU
		Debug|x64 = Debug|x64
		Debug|x86 = Debug|x86
		Release|Any CPU = Release|Any CPU
		Release|x64 = Release|x64
		Release|x86 = Release|x86
	EndGlobalSection
	GlobalSection(ProjectConfigurationPlatforms) = postSolution
		{EF270FFF-B39B-418F-8749-26A232BF5EB6}.Debug|Any CPU.ActiveCfg = Debug|Any CPU
		{EF270FFF-B39B-418F-8749-26A232BF5EB6}.Debug|Any CPU.Build.0 = Debug|Any CPU
		{EF270FFF-B39B-418F-8749-26A232BF5EB6}.Debug|x64.ActiveCfg = Debug|Any CPU
		{EF270FFF-B39B-418F-8749-26A232BF5EB6}.Debug|x64.Build.0 = Debug|Any CPU
		{EF270FFF-B39B-418F-8749-26A232BF5EB6}.Debug|x86.ActiveCfg = Debug|Any CPU
		{EF270FFF-B39B-418F-8749-26A232BF5EB6}.Debug|x86.Build.0 = Debug|Any CPU
		{EF270FFF-B39B-418F-8749-26A232BF5EB6}.Release|Any CPU.ActiveCfg = Release|Any CPU
		{EF270FFF-B39B-418F-8749-26A232BF5EB6}.Release|Any CPU.Build.0 = Release|Any CPU
		{EF270FFF-B39B-418F-8749-26A232BF5EB6}.Release|x64.ActiveCfg = Release|Any CPU
		{EF270FFF-B39B-418F-8749-26A232BF5EB6}.Release|x64.Build.0 = Release|Any CPU
		{EF270FFF-B39B-418F-8749-26A232BF5EB6}.Release|x86.ActiveCfg = Release|Any CPU
		{EF270FFF-B39B-418F-8749-26A232BF5EB6}.Release|x86.Build.0 = Release|Any CPU
		{CE7230A4-4776-4A49-816E-C4400F9F902E}.Debug|Any CPU.ActiveCfg = Debug|Any CPU
		{CE7230A4-4776-4A49-816E-C4400F9F902E}.Debug|Any CPU.Build.0 = Debug|Any CPU
		{CE7230A4-4776-4A49-816E-C4400F9F902E}.Debug|x64.ActiveCfg = Debug|Any CPU
		{CE7230A4-4776-4A49-816E-C4400F9F902E}.Debug|x64.Build.0 = Debug|Any CPU
		{CE7230A4-4776-4A49-816E-C4400F9F902E}.Debug|x86.ActiveCfg = Debug|Any CPU
		{CE7230A4-4776-4A49-816E-C4400F9F902E}.Debug|x86.Build.0 = Debug|Any CPU
		{CE7230A4-4776-4A49-816E-C4400F9F902E}.Release|Any CPU.ActiveCfg = Release|Any CPU
		{CE7230A4-4776-4A49-816E-C4400F9F902E}.Release|Any CPU.Build.0 = Release|Any CPU
		{CE7230A4-4776-4A49-816E-C4400F9F902E}.Release|x64.ActiveCfg = Release|Any CPU
		{CE7230A4-4776-4A49-816E-C4400F9F902E}.Release|x64.Build.0 = Release|Any CPU
		{CE7230A4-4776-4A49-816E-C4400F9F902E}.Release|x86.ActiveCfg = Release|Any CPU
		{CE7230A4-4776-4A49-816E-C4400F9F902E}.Release|x86.Build.0 = Release|Any CPU
		{D42AA2FC-2731-4363-966B-0B7CF9D83171}.Debug|Any CPU.ActiveCfg = Debug|Any CPU
		{D42AA2FC-2731-4363-966B-0B7CF9D83171}.Debug|Any CPU.Build.0 = Debug|Any CPU
		{D42AA2FC-2731-4363-966B-0B7CF9D83171}.Debug|x64.ActiveCfg = Debug|Any CPU
		{D42AA2FC-2731-4363-966B-0B7CF9D83171}.Debug|x64.Build.0 = Debug|Any CPU
		{D42AA2FC-2731-4363-966B-0B7CF9D83171}.Debug|x86.ActiveCfg = Debug|Any CPU
		{D42AA2FC-2731-4363-966B-0B7CF9D83171}.Debug|x86.Build.0 = Debug|Any CPU
		{D42AA2FC-2731-4363-966B-0B7CF9D83171}.Release|Any CPU.ActiveCfg = Release|Any CPU
		{D42AA2FC-2731-4363-966B-0B7CF9D83171}.Release|Any CPU.Build.0 = Release|Any CPU
		{D42AA2FC-2731-4363-966B-0B7CF9D83171}.Release|x64.ActiveCfg = Release|Any CPU
		{D42AA2FC-2731-4363-966B-0B7CF9D83171}.Release|x64.Build.0 = Release|Any CPU
		{D42AA2FC-2731-4363-966B-0B7CF9D83171}.Release|x86.ActiveCfg = Release|Any CPU
		{D42AA2FC-2731-4363-966B-0B7CF9D83171}.Release|x86.Build.0 = Release|Any CPU
		{6144F3D1-3707-4F13-AEC6-967440F33C62}.Debug|Any CPU.ActiveCfg = Debug|Any CPU
		{6144F3D1-3707-4F13-AEC6-967440F33C62}.Debug|Any CPU.Build.0 = Debug|Any CPU
		{6144F3D1-3707-4F13-AEC6-967440F33C62}.Debug|x64.ActiveCfg = Debug|Any CPU
		{6144F3D1-3707-4F13-AEC6-967440F33C62}.Debug|x64.Build.0 = Debug|Any CPU
		{6144F3D1-3707-4F13-AEC6-967440F33C62}.Debug|x86.ActiveCfg = Debug|Any CPU
		{6144F3D1-3707-4F13-AEC6-967440F33C62}.Debug|x86.Build.0 = Debug|Any CPU
		{6144F3D1-3707-4F13-AEC6-967440F33C62}.Release|Any CPU.ActiveCfg = Release|Any CPU
		{6144F3D1-3707-4F13-AEC6-967440F33C62}.Release|Any CPU.Build.0 = Release|Any CPU
		{6144F3D1-3707-4F13-AEC6-967440F33C62}.Release|x64.ActiveCfg = Release|Any CPU
		{6144F3D1-3707-4F13-AEC6-967440F33C62}.Release|x64.Build.0 = Release|Any CPU
		{6144F3D1-3707-4F13-AEC6-967440F33C62}.Release|x86.ActiveCfg = Release|Any CPU
		{6144F3D1-3707-4F13-AEC6-967440F33C62}.Release|x86.Build.0 = Release|Any CPU
		{A68635AF-DE1F-43A8-8700-725D3F15CDE5}.Debug|Any CPU.ActiveCfg = Debug|Any CPU
		{A68635AF-DE1F-43A8-8700-725D3F15CDE5}.Debug|Any CPU.Build.0 = Debug|Any CPU
		{A68635AF-DE1F-43A8-8700-725D3F15CDE5}.Debug|x64.ActiveCfg = Debug|Any CPU
		{A68635AF-DE1F-43A8-8700-725D3F15CDE5}.Debug|x64.Build.0 = Debug|Any CPU
		{A68635AF-DE1F-43A8-8700-725D3F15CDE5}.Debug|x86.ActiveCfg = Debug|Any CPU
		{A68635AF-DE1F-43A8-8700-725D3F15CDE5}.Debug|x86.Build.0 = Debug|Any CPU
		{A68635AF-DE1F-43A8-8700-725D3F15CDE5}.Release|Any CPU.ActiveCfg = Release|Any CPU
		{A68635AF-DE1F-43A8-8700-725D3F15CDE5}.Release|Any CPU.Build.0 = Release|Any CPU
		{A68635AF-DE1F-43A8-8700-725D3F15CDE5}.Release|x64.ActiveCfg = Release|Any CPU
		{A68635AF-DE1F-43A8-8700-725D3F15CDE5}.Release|x64.Build.0 = Release|Any CPU
		{A68635AF-DE1F-43A8-8700-725D3F15CDE5}.Release|x86.ActiveCfg = Release|Any CPU
		{A68635AF-DE1F-43A8-8700-725D3F15CDE5}.Release|x86.Build.0 = Release|Any CPU
		{43EEB113-5275-4732-9130-7AB5B608D8B3}.Debug|Any CPU.ActiveCfg = Debug|Any CPU
		{43EEB113-5275-4732-9130-7AB5B608D8B3}.Debug|Any CPU.Build.0 = Debug|Any CPU
		{43EEB113-5275-4732-9130-7AB5B608D8B3}.Debug|x64.ActiveCfg = Debug|Any CPU
		{43EEB113-5275-4732-9130-7AB5B608D8B3}.Debug|x64.Build.0 = Debug|Any CPU
		{43EEB113-5275-4732-9130-7AB5B608D8B3}.Debug|x86.ActiveCfg = Debug|Any CPU
		{43EEB113-5275-4732-9130-7AB5B608D8B3}.Debug|x86.Build.0 = Debug|Any CPU
		{43EEB113-5275-4732-9130-7AB5B608D8B3}.Release|Any CPU.ActiveCfg = Release|Any CPU
		{43EEB113-5275-4732-9130-7AB5B608D8B3}.Release|Any CPU.Build.0 = Release|Any CPU
		{43EEB113-5275-4732-9130-7AB5B608D8B3}.Release|x64.ActiveCfg = Release|Any CPU
		{43EEB113-5275-4732-9130-7AB5B608D8B3}.Release|x64.Build.0 = Release|Any CPU
		{43EEB113-5275-4732-9130-7AB5B608D8B3}.Release|x86.ActiveCfg = Release|Any CPU
		{43EEB113-5275-4732-9130-7AB5B608D8B3}.Release|x86.Build.0 = Release|Any CPU
		{FCC8A05D-F95A-468C-B009-634A3FE161CA}.Debug|Any CPU.ActiveCfg = Debug|Any CPU
		{FCC8A05D-F95A-468C-B009-634A3FE161CA}.Debug|Any CPU.Build.0 = Debug|Any CPU
		{FCC8A05D-F95A-468C-B009-634A3FE161CA}.Debug|x64.ActiveCfg = Debug|Any CPU
		{FCC8A05D-F95A-468C-B009-634A3FE161CA}.Debug|x64.Build.0 = Debug|Any CPU
		{FCC8A05D-F95A-468C-B009-634A3FE161CA}.Debug|x86.ActiveCfg = Debug|Any CPU
		{FCC8A05D-F95A-468C-B009-634A3FE161CA}.Debug|x86.Build.0 = Debug|Any CPU
		{FCC8A05D-F95A-468C-B009-634A3FE161CA}.Release|Any CPU.ActiveCfg = Release|Any CPU
		{FCC8A05D-F95A-468C-B009-634A3FE161CA}.Release|Any CPU.Build.0 = Release|Any CPU
		{FCC8A05D-F95A-468C-B009-634A3FE161CA}.Release|x64.ActiveCfg = Release|Any CPU
		{FCC8A05D-F95A-468C-B009-634A3FE161CA}.Release|x64.Build.0 = Release|Any CPU
		{FCC8A05D-F95A-468C-B009-634A3FE161CA}.Release|x86.ActiveCfg = Release|Any CPU
		{FCC8A05D-F95A-468C-B009-634A3FE161CA}.Release|x86.Build.0 = Release|Any CPU
		{30A694E2-A73E-473E-AEE1-E6ABC7A437A5}.Debug|Any CPU.ActiveCfg = Debug|Any CPU
		{30A694E2-A73E-473E-AEE1-E6ABC7A437A5}.Debug|Any CPU.Build.0 = Debug|Any CPU
		{30A694E2-A73E-473E-AEE1-E6ABC7A437A5}.Debug|x64.ActiveCfg = Debug|Any CPU
		{30A694E2-A73E-473E-AEE1-E6ABC7A437A5}.Debug|x64.Build.0 = Debug|Any CPU
		{30A694E2-A73E-473E-AEE1-E6ABC7A437A5}.Debug|x86.ActiveCfg = Debug|Any CPU
		{30A694E2-A73E-473E-AEE1-E6ABC7A437A5}.Debug|x86.Build.0 = Debug|Any CPU
		{30A694E2-A73E-473E-AEE1-E6ABC7A437A5}.Release|Any CPU.ActiveCfg = Release|Any CPU
		{30A694E2-A73E-473E-AEE1-E6ABC7A437A5}.Release|Any CPU.Build.0 = Release|Any CPU
		{30A694E2-A73E-473E-AEE1-E6ABC7A437A5}.Release|x64.ActiveCfg = Release|Any CPU
		{30A694E2-A73E-473E-AEE1-E6ABC7A437A5}.Release|x64.Build.0 = Release|Any CPU
		{30A694E2-A73E-473E-AEE1-E6ABC7A437A5}.Release|x86.ActiveCfg = Release|Any CPU
		{30A694E2-A73E-473E-AEE1-E6ABC7A437A5}.Release|x86.Build.0 = Release|Any CPU
		{B92A87D8-9617-411E-A956-450E6FB0DDAC}.Debug|Any CPU.ActiveCfg = Debug|Any CPU
		{B92A87D8-9617-411E-A956-450E6FB0DDAC}.Debug|Any CPU.Build.0 = Debug|Any CPU
		{B92A87D8-9617-411E-A956-450E6FB0DDAC}.Debug|x64.ActiveCfg = Debug|Any CPU
		{B92A87D8-9617-411E-A956-450E6FB0DDAC}.Debug|x64.Build.0 = Debug|Any CPU
		{B92A87D8-9617-411E-A956-450E6FB0DDAC}.Debug|x86.ActiveCfg = Debug|Any CPU
		{B92A87D8-9617-411E-A956-450E6FB0DDAC}.Debug|x86.Build.0 = Debug|Any CPU
		{B92A87D8-9617-411E-A956-450E6FB0DDAC}.Release|Any CPU.ActiveCfg = Release|Any CPU
		{B92A87D8-9617-411E-A956-450E6FB0DDAC}.Release|Any CPU.Build.0 = Release|Any CPU
		{B92A87D8-9617-411E-A956-450E6FB0DDAC}.Release|x64.ActiveCfg = Release|Any CPU
		{B92A87D8-9617-411E-A956-450E6FB0DDAC}.Release|x64.Build.0 = Release|Any CPU
		{B92A87D8-9617-411E-A956-450E6FB0DDAC}.Release|x86.ActiveCfg = Release|Any CPU
		{B92A87D8-9617-411E-A956-450E6FB0DDAC}.Release|x86.Build.0 = Release|Any CPU
		{F16BB8EF-7CD4-4EB4-AF40-22A268AB2CCE}.Debug|Any CPU.ActiveCfg = Debug|Any CPU
		{F16BB8EF-7CD4-4EB4-AF40-22A268AB2CCE}.Debug|Any CPU.Build.0 = Debug|Any CPU
		{F16BB8EF-7CD4-4EB4-AF40-22A268AB2CCE}.Debug|x64.ActiveCfg = Debug|Any CPU
		{F16BB8EF-7CD4-4EB4-AF40-22A268AB2CCE}.Debug|x64.Build.0 = Debug|Any CPU
		{F16BB8EF-7CD4-4EB4-AF40-22A268AB2CCE}.Debug|x86.ActiveCfg = Debug|Any CPU
		{F16BB8EF-7CD4-4EB4-AF40-22A268AB2CCE}.Debug|x86.Build.0 = Debug|Any CPU
		{F16BB8EF-7CD4-4EB4-AF40-22A268AB2CCE}.Release|Any CPU.ActiveCfg = Release|Any CPU
		{F16BB8EF-7CD4-4EB4-AF40-22A268AB2CCE}.Release|Any CPU.Build.0 = Release|Any CPU
		{F16BB8EF-7CD4-4EB4-AF40-22A268AB2CCE}.Release|x64.ActiveCfg = Release|Any CPU
		{F16BB8EF-7CD4-4EB4-AF40-22A268AB2CCE}.Release|x64.Build.0 = Release|Any CPU
		{F16BB8EF-7CD4-4EB4-AF40-22A268AB2CCE}.Release|x86.ActiveCfg = Release|Any CPU
		{F16BB8EF-7CD4-4EB4-AF40-22A268AB2CCE}.Release|x86.Build.0 = Release|Any CPU
		{BEB43DDC-41AC-42ED-AE47-CA396EB4EFC9}.Debug|Any CPU.ActiveCfg = Debug|Any CPU
		{BEB43DDC-41AC-42ED-AE47-CA396EB4EFC9}.Debug|Any CPU.Build.0 = Debug|Any CPU
		{BEB43DDC-41AC-42ED-AE47-CA396EB4EFC9}.Debug|x64.ActiveCfg = Debug|Any CPU
		{BEB43DDC-41AC-42ED-AE47-CA396EB4EFC9}.Debug|x64.Build.0 = Debug|Any CPU
		{BEB43DDC-41AC-42ED-AE47-CA396EB4EFC9}.Debug|x86.ActiveCfg = Debug|Any CPU
		{BEB43DDC-41AC-42ED-AE47-CA396EB4EFC9}.Debug|x86.Build.0 = Debug|Any CPU
		{BEB43DDC-41AC-42ED-AE47-CA396EB4EFC9}.Release|Any CPU.ActiveCfg = Release|Any CPU
		{BEB43DDC-41AC-42ED-AE47-CA396EB4EFC9}.Release|Any CPU.Build.0 = Release|Any CPU
		{BEB43DDC-41AC-42ED-AE47-CA396EB4EFC9}.Release|x64.ActiveCfg = Release|Any CPU
		{BEB43DDC-41AC-42ED-AE47-CA396EB4EFC9}.Release|x64.Build.0 = Release|Any CPU
		{BEB43DDC-41AC-42ED-AE47-CA396EB4EFC9}.Release|x86.ActiveCfg = Release|Any CPU
		{BEB43DDC-41AC-42ED-AE47-CA396EB4EFC9}.Release|x86.Build.0 = Release|Any CPU
		{51C79241-E1D0-4CDD-B3FD-BD93B7718846}.Debug|Any CPU.ActiveCfg = Debug|Any CPU
		{51C79241-E1D0-4CDD-B3FD-BD93B7718846}.Debug|Any CPU.Build.0 = Debug|Any CPU
		{51C79241-E1D0-4CDD-B3FD-BD93B7718846}.Debug|x64.ActiveCfg = Debug|Any CPU
		{51C79241-E1D0-4CDD-B3FD-BD93B7718846}.Debug|x64.Build.0 = Debug|Any CPU
		{51C79241-E1D0-4CDD-B3FD-BD93B7718846}.Debug|x86.ActiveCfg = Debug|Any CPU
		{51C79241-E1D0-4CDD-B3FD-BD93B7718846}.Debug|x86.Build.0 = Debug|Any CPU
		{51C79241-E1D0-4CDD-B3FD-BD93B7718846}.Release|Any CPU.ActiveCfg = Release|Any CPU
		{51C79241-E1D0-4CDD-B3FD-BD93B7718846}.Release|Any CPU.Build.0 = Release|Any CPU
		{51C79241-E1D0-4CDD-B3FD-BD93B7718846}.Release|x64.ActiveCfg = Release|Any CPU
		{51C79241-E1D0-4CDD-B3FD-BD93B7718846}.Release|x64.Build.0 = Release|Any CPU
		{51C79241-E1D0-4CDD-B3FD-BD93B7718846}.Release|x86.ActiveCfg = Release|Any CPU
		{51C79241-E1D0-4CDD-B3FD-BD93B7718846}.Release|x86.Build.0 = Release|Any CPU
		{7F1B649E-035E-4066-BD79-BA81E2961D65}.Debug|Any CPU.ActiveCfg = Debug|Any CPU
		{7F1B649E-035E-4066-BD79-BA81E2961D65}.Debug|Any CPU.Build.0 = Debug|Any CPU
		{7F1B649E-035E-4066-BD79-BA81E2961D65}.Debug|x64.ActiveCfg = Debug|Any CPU
		{7F1B649E-035E-4066-BD79-BA81E2961D65}.Debug|x64.Build.0 = Debug|Any CPU
		{7F1B649E-035E-4066-BD79-BA81E2961D65}.Debug|x86.ActiveCfg = Debug|Any CPU
		{7F1B649E-035E-4066-BD79-BA81E2961D65}.Debug|x86.Build.0 = Debug|Any CPU
		{7F1B649E-035E-4066-BD79-BA81E2961D65}.Release|Any CPU.ActiveCfg = Release|Any CPU
		{7F1B649E-035E-4066-BD79-BA81E2961D65}.Release|Any CPU.Build.0 = Release|Any CPU
		{7F1B649E-035E-4066-BD79-BA81E2961D65}.Release|x64.ActiveCfg = Release|Any CPU
		{7F1B649E-035E-4066-BD79-BA81E2961D65}.Release|x64.Build.0 = Release|Any CPU
		{7F1B649E-035E-4066-BD79-BA81E2961D65}.Release|x86.ActiveCfg = Release|Any CPU
		{7F1B649E-035E-4066-BD79-BA81E2961D65}.Release|x86.Build.0 = Release|Any CPU
		{363A5043-CF37-49DA-8CCF-5143179498A5}.Debug|Any CPU.ActiveCfg = Debug|Any CPU
		{363A5043-CF37-49DA-8CCF-5143179498A5}.Debug|Any CPU.Build.0 = Debug|Any CPU
		{363A5043-CF37-49DA-8CCF-5143179498A5}.Debug|x64.ActiveCfg = Debug|Any CPU
		{363A5043-CF37-49DA-8CCF-5143179498A5}.Debug|x64.Build.0 = Debug|Any CPU
		{363A5043-CF37-49DA-8CCF-5143179498A5}.Debug|x86.ActiveCfg = Debug|Any CPU
		{363A5043-CF37-49DA-8CCF-5143179498A5}.Debug|x86.Build.0 = Debug|Any CPU
		{363A5043-CF37-49DA-8CCF-5143179498A5}.Release|Any CPU.ActiveCfg = Release|Any CPU
		{363A5043-CF37-49DA-8CCF-5143179498A5}.Release|Any CPU.Build.0 = Release|Any CPU
		{363A5043-CF37-49DA-8CCF-5143179498A5}.Release|x64.ActiveCfg = Release|Any CPU
		{363A5043-CF37-49DA-8CCF-5143179498A5}.Release|x64.Build.0 = Release|Any CPU
		{363A5043-CF37-49DA-8CCF-5143179498A5}.Release|x86.ActiveCfg = Release|Any CPU
		{363A5043-CF37-49DA-8CCF-5143179498A5}.Release|x86.Build.0 = Release|Any CPU
		{60FDA604-C47C-4DE2-8CA0-767BC9B86A33}.Debug|Any CPU.ActiveCfg = Debug|Any CPU
		{60FDA604-C47C-4DE2-8CA0-767BC9B86A33}.Debug|Any CPU.Build.0 = Debug|Any CPU
		{60FDA604-C47C-4DE2-8CA0-767BC9B86A33}.Debug|x64.ActiveCfg = Debug|Any CPU
		{60FDA604-C47C-4DE2-8CA0-767BC9B86A33}.Debug|x64.Build.0 = Debug|Any CPU
		{60FDA604-C47C-4DE2-8CA0-767BC9B86A33}.Debug|x86.ActiveCfg = Debug|Any CPU
		{60FDA604-C47C-4DE2-8CA0-767BC9B86A33}.Debug|x86.Build.0 = Debug|Any CPU
		{60FDA604-C47C-4DE2-8CA0-767BC9B86A33}.Release|Any CPU.ActiveCfg = Release|Any CPU
		{60FDA604-C47C-4DE2-8CA0-767BC9B86A33}.Release|Any CPU.Build.0 = Release|Any CPU
		{60FDA604-C47C-4DE2-8CA0-767BC9B86A33}.Release|x64.ActiveCfg = Release|Any CPU
		{60FDA604-C47C-4DE2-8CA0-767BC9B86A33}.Release|x64.Build.0 = Release|Any CPU
		{60FDA604-C47C-4DE2-8CA0-767BC9B86A33}.Release|x86.ActiveCfg = Release|Any CPU
		{60FDA604-C47C-4DE2-8CA0-767BC9B86A33}.Release|x86.Build.0 = Release|Any CPU
		{40BDA97F-3973-437A-A03F-39B60B3B9C0E}.Debug|Any CPU.ActiveCfg = Debug|Any CPU
		{40BDA97F-3973-437A-A03F-39B60B3B9C0E}.Debug|Any CPU.Build.0 = Debug|Any CPU
		{40BDA97F-3973-437A-A03F-39B60B3B9C0E}.Debug|x64.ActiveCfg = Debug|Any CPU
		{40BDA97F-3973-437A-A03F-39B60B3B9C0E}.Debug|x64.Build.0 = Debug|Any CPU
		{40BDA97F-3973-437A-A03F-39B60B3B9C0E}.Debug|x86.ActiveCfg = Debug|Any CPU
		{40BDA97F-3973-437A-A03F-39B60B3B9C0E}.Debug|x86.Build.0 = Debug|Any CPU
		{40BDA97F-3973-437A-A03F-39B60B3B9C0E}.Release|Any CPU.ActiveCfg = Release|Any CPU
		{40BDA97F-3973-437A-A03F-39B60B3B9C0E}.Release|Any CPU.Build.0 = Release|Any CPU
		{40BDA97F-3973-437A-A03F-39B60B3B9C0E}.Release|x64.ActiveCfg = Release|Any CPU
		{40BDA97F-3973-437A-A03F-39B60B3B9C0E}.Release|x64.Build.0 = Release|Any CPU
		{40BDA97F-3973-437A-A03F-39B60B3B9C0E}.Release|x86.ActiveCfg = Release|Any CPU
		{40BDA97F-3973-437A-A03F-39B60B3B9C0E}.Release|x86.Build.0 = Release|Any CPU
		{4C05E2F5-F924-432F-BE21-23017476061E}.Debug|Any CPU.ActiveCfg = Debug|Win32
		{4C05E2F5-F924-432F-BE21-23017476061E}.Debug|Any CPU.Build.0 = Debug|Win32
		{4C05E2F5-F924-432F-BE21-23017476061E}.Debug|x64.ActiveCfg = Debug|Win32
		{4C05E2F5-F924-432F-BE21-23017476061E}.Debug|x64.Build.0 = Debug|Win32
		{4C05E2F5-F924-432F-BE21-23017476061E}.Debug|x86.ActiveCfg = Debug|Win32
		{4C05E2F5-F924-432F-BE21-23017476061E}.Debug|x86.Build.0 = Debug|Win32
		{4C05E2F5-F924-432F-BE21-23017476061E}.Release|Any CPU.ActiveCfg = Release|Win32
		{4C05E2F5-F924-432F-BE21-23017476061E}.Release|Any CPU.Build.0 = Release|Win32
		{4C05E2F5-F924-432F-BE21-23017476061E}.Release|x64.ActiveCfg = Release|Win32
		{4C05E2F5-F924-432F-BE21-23017476061E}.Release|x64.Build.0 = Release|Win32
		{4C05E2F5-F924-432F-BE21-23017476061E}.Release|x86.ActiveCfg = Release|Win32
		{4C05E2F5-F924-432F-BE21-23017476061E}.Release|x86.Build.0 = Release|Win32
		{2FD03FDB-7237-4DDA-AC39-13EE8DE9013F}.Debug|Any CPU.ActiveCfg = Debug|Any CPU
		{2FD03FDB-7237-4DDA-AC39-13EE8DE9013F}.Debug|Any CPU.Build.0 = Debug|Any CPU
		{2FD03FDB-7237-4DDA-AC39-13EE8DE9013F}.Debug|x64.ActiveCfg = Debug|Any CPU
		{2FD03FDB-7237-4DDA-AC39-13EE8DE9013F}.Debug|x64.Build.0 = Debug|Any CPU
		{2FD03FDB-7237-4DDA-AC39-13EE8DE9013F}.Debug|x86.ActiveCfg = Debug|Any CPU
		{2FD03FDB-7237-4DDA-AC39-13EE8DE9013F}.Debug|x86.Build.0 = Debug|Any CPU
		{2FD03FDB-7237-4DDA-AC39-13EE8DE9013F}.Release|Any CPU.ActiveCfg = Release|Any CPU
		{2FD03FDB-7237-4DDA-AC39-13EE8DE9013F}.Release|Any CPU.Build.0 = Release|Any CPU
		{2FD03FDB-7237-4DDA-AC39-13EE8DE9013F}.Release|x64.ActiveCfg = Release|Any CPU
		{2FD03FDB-7237-4DDA-AC39-13EE8DE9013F}.Release|x64.Build.0 = Release|Any CPU
		{2FD03FDB-7237-4DDA-AC39-13EE8DE9013F}.Release|x86.ActiveCfg = Release|Any CPU
		{2FD03FDB-7237-4DDA-AC39-13EE8DE9013F}.Release|x86.Build.0 = Release|Any CPU
	EndGlobalSection
	GlobalSection(SolutionProperties) = preSolution
		HideSolutionNode = FALSE
	EndGlobalSection
	GlobalSection(NestedProjects) = preSolution
		{CE7230A4-4776-4A49-816E-C4400F9F902E} = {B8110B9F-49F1-4F30-A060-46DFDB48BB71}
		{D42AA2FC-2731-4363-966B-0B7CF9D83171} = {B8110B9F-49F1-4F30-A060-46DFDB48BB71}
		{6144F3D1-3707-4F13-AEC6-967440F33C62} = {1E7052A7-E4A9-48CF-9D3F-C317263FB794}
		{A68635AF-DE1F-43A8-8700-725D3F15CDE5} = {3603C1F8-484E-4697-BEBB-627036CEE625}
		{43EEB113-5275-4732-9130-7AB5B608D8B3} = {3603C1F8-484E-4697-BEBB-627036CEE625}
		{FCC8A05D-F95A-468C-B009-634A3FE161CA} = {3603C1F8-484E-4697-BEBB-627036CEE625}
		{30A694E2-A73E-473E-AEE1-E6ABC7A437A5} = {3603C1F8-484E-4697-BEBB-627036CEE625}
		{B92A87D8-9617-411E-A956-450E6FB0DDAC} = {3603C1F8-484E-4697-BEBB-627036CEE625}
		{BEB43DDC-41AC-42ED-AE47-CA396EB4EFC9} = {B8110B9F-49F1-4F30-A060-46DFDB48BB71}
		{51C79241-E1D0-4CDD-B3FD-BD93B7718846} = {B8110B9F-49F1-4F30-A060-46DFDB48BB71}
		{363A5043-CF37-49DA-8CCF-5143179498A5} = {B8110B9F-49F1-4F30-A060-46DFDB48BB71}
		{60FDA604-C47C-4DE2-8CA0-767BC9B86A33} = {B8110B9F-49F1-4F30-A060-46DFDB48BB71}
		{40BDA97F-3973-437A-A03F-39B60B3B9C0E} = {B8110B9F-49F1-4F30-A060-46DFDB48BB71}
		{4C05E2F5-F924-432F-BE21-23017476061E} = {B8110B9F-49F1-4F30-A060-46DFDB48BB71}
		{2FD03FDB-7237-4DDA-AC39-13EE8DE9013F} = {FF86B861-E3D3-4425-9ED5-6523560462AC}
	EndGlobalSection
EndGlobal
